
Microsoft Visual Studio Solution File, Format Version 12.00
# Visual Studio Version 16
VisualStudioVersion = 16.0.30717.126
MinimumVisualStudioVersion = 10.0.40219.1
Project("{FAE04EC0-301F-11D3-BF4B-00C04F79EFBC}") = "KolkoKrzyzyk-UslugaWCF", "KolkoKrzyzyk-UslugaWCF\KolkoKrzyzyk-UslugaWCF.csproj", "{84F36B54-3DE5-4EF1-B719-A59BBC2DBDF7}"
EndProject
Project("{9A19103F-16F7-4668-BE54-9A1E7A4F7556}") = "KolkoKrzyzyk", "KolkoKrzyzyk\KolkoKrzyzyk.csproj", "{F6C9CB9F-4CA0-4F62-BD60-B97E976F993C}"
EndProject
Global
	GlobalSection(SolutionConfigurationPlatforms) = preSolution
		Debug|Any CPU = Debug|Any CPU
		Release|Any CPU = Release|Any CPU
	EndGlobalSection
	GlobalSection(ProjectConfigurationPlatforms) = postSolution
		{84F36B54-3DE5-4EF1-B719-A59BBC2DBDF7}.Debug|Any CPU.ActiveCfg = Debug|Any CPU
		{84F36B54-3DE5-4EF1-B719-A59BBC2DBDF7}.Debug|Any CPU.Build.0 = Debug|Any CPU
		{84F36B54-3DE5-4EF1-B719-A59BBC2DBDF7}.Release|Any CPU.ActiveCfg = Release|Any CPU
		{84F36B54-3DE5-4EF1-B719-A59BBC2DBDF7}.Release|Any CPU.Build.0 = Release|Any CPU
		{F6C9CB9F-4CA0-4F62-BD60-B97E976F993C}.Debug|Any CPU.ActiveCfg = Debug|Any CPU
		{F6C9CB9F-4CA0-4F62-BD60-B97E976F993C}.Debug|Any CPU.Build.0 = Debug|Any CPU
		{F6C9CB9F-4CA0-4F62-BD60-B97E976F993C}.Release|Any CPU.ActiveCfg = Release|Any CPU
		{F6C9CB9F-4CA0-4F62-BD60-B97E976F993C}.Release|Any CPU.Build.0 = Release|Any CPU
	EndGlobalSection
	GlobalSection(SolutionProperties) = preSolution
		HideSolutionNode = FALSE
	EndGlobalSection
	GlobalSection(ExtensibilityGlobals) = postSolution
		SolutionGuid = {8C2DCF4B-CF74-4194-AEC5-D32186FE98C0}
	EndGlobalSection
EndGlobal
